
Microsoft Visual Studio Solution File, Format Version 12.00
# Visual Studio Version 16
VisualStudioVersion = 16.0.28902.138
MinimumVisualStudioVersion = 10.0.40219.1
Project("{9A19103F-16F7-4668-BE54-9A1E7A4F7556}") = "Creational", "Creational\Creational.csproj", "{19B59D78-8CB2-443B-B08D-1C8FDDBCF4E2}"
EndProject
Project("{9A19103F-16F7-4668-BE54-9A1E7A4F7556}") = "Structural", "Structural\Structural.csproj", "{AE053A71-7473-460E-8E5B-1454987EF26B}"
EndProject
Project("{9A19103F-16F7-4668-BE54-9A1E7A4F7556}") = "Behavioral", "Behavioral\Behavioral.csproj", "{81BA0C4F-8E24-4531-AC92-B80A385DB195}"
EndProject
Project("{FAE04EC0-301F-11D3-BF4B-00C04F79EFBC}") = "Tests", "Tests\Tests\Tests.csproj", "{CF6DD304-5D5B-4CAC-A851-21950944068C}"
EndProject
Global
	GlobalSection(SolutionConfigurationPlatforms) = preSolution
		Debug|Any CPU = Debug|Any CPU
		Release|Any CPU = Release|Any CPU
	EndGlobalSection
	GlobalSection(ProjectConfigurationPlatforms) = postSolution
		{19B59D78-8CB2-443B-B08D-1C8FDDBCF4E2}.Debug|Any CPU.ActiveCfg = Debug|Any CPU
		{19B59D78-8CB2-443B-B08D-1C8FDDBCF4E2}.Debug|Any CPU.Build.0 = Debug|Any CPU
		{19B59D78-8CB2-443B-B08D-1C8FDDBCF4E2}.Release|Any CPU.ActiveCfg = Release|Any CPU
		{19B59D78-8CB2-443B-B08D-1C8FDDBCF4E2}.Release|Any CPU.Build.0 = Release|Any CPU
		{AE053A71-7473-460E-8E5B-1454987EF26B}.Debug|Any CPU.ActiveCfg = Debug|Any CPU
		{AE053A71-7473-460E-8E5B-1454987EF26B}.Debug|Any CPU.Build.0 = Debug|Any CPU
		{AE053A71-7473-460E-8E5B-1454987EF26B}.Release|Any CPU.ActiveCfg = Release|Any CPU
		{AE053A71-7473-460E-8E5B-1454987EF26B}.Release|Any CPU.Build.0 = Release|Any CPU
		{81BA0C4F-8E24-4531-AC92-B80A385DB195}.Debug|Any CPU.ActiveCfg = Debug|Any CPU
		{81BA0C4F-8E24-4531-AC92-B80A385DB195}.Debug|Any CPU.Build.0 = Debug|Any CPU
		{81BA0C4F-8E24-4531-AC92-B80A385DB195}.Release|Any CPU.ActiveCfg = Release|Any CPU
		{81BA0C4F-8E24-4531-AC92-B80A385DB195}.Release|Any CPU.Build.0 = Release|Any CPU
		{CF6DD304-5D5B-4CAC-A851-21950944068C}.Debug|Any CPU.ActiveCfg = Debug|Any CPU
		{CF6DD304-5D5B-4CAC-A851-21950944068C}.Debug|Any CPU.Build.0 = Debug|Any CPU
		{CF6DD304-5D5B-4CAC-A851-21950944068C}.Release|Any CPU.ActiveCfg = Release|Any CPU
		{CF6DD304-5D5B-4CAC-A851-21950944068C}.Release|Any CPU.Build.0 = Release|Any CPU
	EndGlobalSection
	GlobalSection(SolutionProperties) = preSolution
		HideSolutionNode = FALSE
	EndGlobalSection
	GlobalSection(ExtensibilityGlobals) = postSolution
		SolutionGuid = {3C2D4222-90B8-46B3-9514-9D143741E16F}
	EndGlobalSection
EndGlobal
